
Microsoft Visual Studio Solution File, Format Version 12.00
# Visual Studio Version 17
VisualStudioVersion = 17.10.35122.118
MinimumVisualStudioVersion = 10.0.40219.1
Project("{9A19103F-16F7-4668-BE54-9A1E7A4F7556}") = "01_base", "MyFirstAppCS\01_base.csproj", "{DFE1E61E-A79A-43FC-92F4-20A16D9E2108}"
EndProject
Project("{9A19103F-16F7-4668-BE54-9A1E7A4F7556}") = "02_readline", "02_readline\02_readline.csproj", "{298381E2-4641-421F-987F-C277277E55E4}"
EndProject
Project("{FAE04EC0-301F-11D3-BF4B-00C04F79EFBC}") = "03_if", "03_if\03_if.csproj", "{DBF88ED8-9E7F-4711-B911-6D1D1DF83115}"
EndProject
Project("{FAE04EC0-301F-11D3-BF4B-00C04F79EFBC}") = "04_array", "04_puzzle\04_array.csproj", "{2E2252E9-5FF8-4F5C-A6E1-ACFD4969DC76}"
EndProject
Project("{FAE04EC0-301F-11D3-BF4B-00C04F79EFBC}") = "05_puzzle", "05_puzzle\05_puzzle.csproj", "{FEE28696-13A2-4115-B44D-91A56B7ECD24}"
EndProject
Project("{FAE04EC0-301F-11D3-BF4B-00C04F79EFBC}") = "06_tanks", "06_tanks\06_tanks.csproj", "{149AEF3A-891F-4BC8-964C-90CDAE75CA48}"
EndProject
Project("{FAE04EC0-301F-11D3-BF4B-00C04F79EFBC}") = "07_loops", "07_loops\07_loops.csproj", "{94407C21-4F36-4AD1-A0EC-FA1C7A7F25D9}"
EndProject
Project("{FAE04EC0-301F-11D3-BF4B-00C04F79EFBC}") = "08_methods", "08_methods\08_methods.csproj", "{478A6891-5248-4D3B-863A-0AC1D4E995C4}"
EndProject
Project("{FAE04EC0-301F-11D3-BF4B-00C04F79EFBC}") = "09_intro_to_oop", "09_intro_to_oop\09_intro_to_oop.csproj", "{84BBE40F-D7C8-48D2-A3AE-0FEAFEBCA6C9}"
EndProject
Project("{FAE04EC0-301F-11D3-BF4B-00C04F79EFBC}") = "10_lists", "10_lists\10_lists.csproj", "{59F72332-B759-48FE-BF0C-26264B8B9E98}"
EndProject
Project("{FAE04EC0-301F-11D3-BF4B-00C04F79EFBC}") = "11_methods", "11_methods\11_methods.csproj", "{A952D374-340D-4ECE-A43D-85A18E7AF1D4}"
EndProject
Project("{FAE04EC0-301F-11D3-BF4B-00C04F79EFBC}") = "12_files", "12_files\12_files.csproj", "{40358D32-5705-473F-AA89-3E1E8EBD4E08}"
EndProject
Project("{FAE04EC0-301F-11D3-BF4B-00C04F79EFBC}") = "13_repetition", "13_repetition\13_repetition.csproj", "{91EDAB3A-F734-4A33-882F-4FBFC47D65C2}"
EndProject
Project("{FAE04EC0-301F-11D3-BF4B-00C04F79EFBC}") = "14_lists", "14_lists\14_lists.csproj", "{58358F6E-9452-4E8D-9CD3-52010B75F2F6}"
EndProject
Project("{FAE04EC0-301F-11D3-BF4B-00C04F79EFBC}") = "15_stack", "15_stack\15_stack.csproj", "{74CE77FD-9B50-409C-AC27-26A6E1492189}"
EndProject
Project("{FAE04EC0-301F-11D3-BF4B-00C04F79EFBC}") = "16_classes", "16_classes\16_classes.csproj", "{612A83E8-AB1C-4665-BA28-3958C9E7F074}"
EndProject
Global
	GlobalSection(SolutionConfigurationPlatforms) = preSolution
		Debug|Any CPU = Debug|Any CPU
		Release|Any CPU = Release|Any CPU
	EndGlobalSection
	GlobalSection(ProjectConfigurationPlatforms) = postSolution
		{DFE1E61E-A79A-43FC-92F4-20A16D9E2108}.Debug|Any CPU.ActiveCfg = Debug|Any CPU
		{DFE1E61E-A79A-43FC-92F4-20A16D9E2108}.Debug|Any CPU.Build.0 = Debug|Any CPU
		{DFE1E61E-A79A-43FC-92F4-20A16D9E2108}.Release|Any CPU.ActiveCfg = Release|Any CPU
		{DFE1E61E-A79A-43FC-92F4-20A16D9E2108}.Release|Any CPU.Build.0 = Release|Any CPU
		{298381E2-4641-421F-987F-C277277E55E4}.Debug|Any CPU.ActiveCfg = Debug|Any CPU
		{298381E2-4641-421F-987F-C277277E55E4}.Debug|Any CPU.Build.0 = Debug|Any CPU
		{298381E2-4641-421F-987F-C277277E55E4}.Release|Any CPU.ActiveCfg = Release|Any CPU
		{298381E2-4641-421F-987F-C277277E55E4}.Release|Any CPU.Build.0 = Release|Any CPU
		{DBF88ED8-9E7F-4711-B911-6D1D1DF83115}.Debug|Any CPU.ActiveCfg = Debug|Any CPU
		{DBF88ED8-9E7F-4711-B911-6D1D1DF83115}.Debug|Any CPU.Build.0 = Debug|Any CPU
		{DBF88ED8-9E7F-4711-B911-6D1D1DF83115}.Release|Any CPU.ActiveCfg = Release|Any CPU
		{DBF88ED8-9E7F-4711-B911-6D1D1DF83115}.Release|Any CPU.Build.0 = Release|Any CPU
		{2E2252E9-5FF8-4F5C-A6E1-ACFD4969DC76}.Debug|Any CPU.ActiveCfg = Debug|Any CPU
		{2E2252E9-5FF8-4F5C-A6E1-ACFD4969DC76}.Debug|Any CPU.Build.0 = Debug|Any CPU
		{2E2252E9-5FF8-4F5C-A6E1-ACFD4969DC76}.Release|Any CPU.ActiveCfg = Release|Any CPU
		{2E2252E9-5FF8-4F5C-A6E1-ACFD4969DC76}.Release|Any CPU.Build.0 = Release|Any CPU
		{FEE28696-13A2-4115-B44D-91A56B7ECD24}.Debug|Any CPU.ActiveCfg = Debug|Any CPU
		{FEE28696-13A2-4115-B44D-91A56B7ECD24}.Debug|Any CPU.Build.0 = Debug|Any CPU
		{FEE28696-13A2-4115-B44D-91A56B7ECD24}.Release|Any CPU.ActiveCfg = Release|Any CPU
		{FEE28696-13A2-4115-B44D-91A56B7ECD24}.Release|Any CPU.Build.0 = Release|Any CPU
		{149AEF3A-891F-4BC8-964C-90CDAE75CA48}.Debug|Any CPU.ActiveCfg = Debug|Any CPU
		{149AEF3A-891F-4BC8-964C-90CDAE75CA48}.Debug|Any CPU.Build.0 = Debug|Any CPU
		{149AEF3A-891F-4BC8-964C-90CDAE75CA48}.Release|Any CPU.ActiveCfg = Release|Any CPU
		{149AEF3A-891F-4BC8-964C-90CDAE75CA48}.Release|Any CPU.Build.0 = Release|Any CPU
		{94407C21-4F36-4AD1-A0EC-FA1C7A7F25D9}.Debug|Any CPU.ActiveCfg = Debug|Any CPU
		{94407C21-4F36-4AD1-A0EC-FA1C7A7F25D9}.Debug|Any CPU.Build.0 = Debug|Any CPU
		{94407C21-4F36-4AD1-A0EC-FA1C7A7F25D9}.Release|Any CPU.ActiveCfg = Release|Any CPU
		{94407C21-4F36-4AD1-A0EC-FA1C7A7F25D9}.Release|Any CPU.Build.0 = Release|Any CPU
		{478A6891-5248-4D3B-863A-0AC1D4E995C4}.Debug|Any CPU.ActiveCfg = Debug|Any CPU
		{478A6891-5248-4D3B-863A-0AC1D4E995C4}.Debug|Any CPU.Build.0 = Debug|Any CPU
		{478A6891-5248-4D3B-863A-0AC1D4E995C4}.Release|Any CPU.ActiveCfg = Release|Any CPU
		{478A6891-5248-4D3B-863A-0AC1D4E995C4}.Release|Any CPU.Build.0 = Release|Any CPU
		{84BBE40F-D7C8-48D2-A3AE-0FEAFEBCA6C9}.Debug|Any CPU.ActiveCfg = Debug|Any CPU
		{84BBE40F-D7C8-48D2-A3AE-0FEAFEBCA6C9}.Debug|Any CPU.Build.0 = Debug|Any CPU
		{84BBE40F-D7C8-48D2-A3AE-0FEAFEBCA6C9}.Release|Any CPU.ActiveCfg = Release|Any CPU
		{84BBE40F-D7C8-48D2-A3AE-0FEAFEBCA6C9}.Release|Any CPU.Build.0 = Release|Any CPU
		{59F72332-B759-48FE-BF0C-26264B8B9E98}.Debug|Any CPU.ActiveCfg = Debug|Any CPU
		{59F72332-B759-48FE-BF0C-26264B8B9E98}.Debug|Any CPU.Build.0 = Debug|Any CPU
		{59F72332-B759-48FE-BF0C-26264B8B9E98}.Release|Any CPU.ActiveCfg = Release|Any CPU
		{59F72332-B759-48FE-BF0C-26264B8B9E98}.Release|Any CPU.Build.0 = Release|Any CPU
		{A952D374-340D-4ECE-A43D-85A18E7AF1D4}.Debug|Any CPU.ActiveCfg = Debug|Any CPU
		{A952D374-340D-4ECE-A43D-85A18E7AF1D4}.Debug|Any CPU.Build.0 = Debug|Any CPU
		{A952D374-340D-4ECE-A43D-85A18E7AF1D4}.Release|Any CPU.ActiveCfg = Release|Any CPU
		{A952D374-340D-4ECE-A43D-85A18E7AF1D4}.Release|Any CPU.Build.0 = Release|Any CPU
		{40358D32-5705-473F-AA89-3E1E8EBD4E08}.Debug|Any CPU.ActiveCfg = Debug|Any CPU
		{40358D32-5705-473F-AA89-3E1E8EBD4E08}.Debug|Any CPU.Build.0 = Debug|Any CPU
		{40358D32-5705-473F-AA89-3E1E8EBD4E08}.Release|Any CPU.ActiveCfg = Release|Any CPU
		{40358D32-5705-473F-AA89-3E1E8EBD4E08}.Release|Any CPU.Build.0 = Release|Any CPU
		{91EDAB3A-F734-4A33-882F-4FBFC47D65C2}.Debug|Any CPU.ActiveCfg = Debug|Any CPU
		{91EDAB3A-F734-4A33-882F-4FBFC47D65C2}.Debug|Any CPU.Build.0 = Debug|Any CPU
		{91EDAB3A-F734-4A33-882F-4FBFC47D65C2}.Release|Any CPU.ActiveCfg = Release|Any CPU
		{91EDAB3A-F734-4A33-882F-4FBFC47D65C2}.Release|Any CPU.Build.0 = Release|Any CPU
		{58358F6E-9452-4E8D-9CD3-52010B75F2F6}.Debug|Any CPU.ActiveCfg = Debug|Any CPU
		{58358F6E-9452-4E8D-9CD3-52010B75F2F6}.Debug|Any CPU.Build.0 = Debug|Any CPU
		{58358F6E-9452-4E8D-9CD3-52010B75F2F6}.Release|Any CPU.ActiveCfg = Release|Any CPU
		{58358F6E-9452-4E8D-9CD3-52010B75F2F6}.Release|Any CPU.Build.0 = Release|Any CPU
		{74CE77FD-9B50-409C-AC27-26A6E1492189}.Debug|Any CPU.ActiveCfg = Debug|Any CPU
		{74CE77FD-9B50-409C-AC27-26A6E1492189}.Debug|Any CPU.Build.0 = Debug|Any CPU
		{74CE77FD-9B50-409C-AC27-26A6E1492189}.Release|Any CPU.ActiveCfg = Release|Any CPU
		{74CE77FD-9B50-409C-AC27-26A6E1492189}.Release|Any CPU.Build.0 = Release|Any CPU
		{612A83E8-AB1C-4665-BA28-3958C9E7F074}.Debug|Any CPU.ActiveCfg = Debug|Any CPU
		{612A83E8-AB1C-4665-BA28-3958C9E7F074}.Debug|Any CPU.Build.0 = Debug|Any CPU
		{612A83E8-AB1C-4665-BA28-3958C9E7F074}.Release|Any CPU.ActiveCfg = Release|Any CPU
		{612A83E8-AB1C-4665-BA28-3958C9E7F074}.Release|Any CPU.Build.0 = Release|Any CPU
	EndGlobalSection
	GlobalSection(SolutionProperties) = preSolution
		HideSolutionNode = FALSE
	EndGlobalSection
	GlobalSection(ExtensibilityGlobals) = postSolution
		SolutionGuid = {5B7ECC27-7389-4864-BDAC-2708482FC130}
	EndGlobalSection
EndGlobal
